
Microsoft Visual Studio Solution File, Format Version 12.00
# Visual Studio Version 16
VisualStudioVersion = 16.0.29920.165
MinimumVisualStudioVersion = 10.0.40219.1
Project("{FAE04EC0-301F-11D3-BF4B-00C04F79EFBC}") = "Bracelet", "Bracelet\Bracelet.csproj", "{5788EB89-46BF-416A-8B1C-52C16EA3A489}"
EndProject
Global
	GlobalSection(SolutionConfigurationPlatforms) = preSolution
		Debug|Any CPU = Debug|Any CPU
		Release|Any CPU = Release|Any CPU
	EndGlobalSection
	GlobalSection(ProjectConfigurationPlatforms) = postSolution
		{5788EB89-46BF-416A-8B1C-52C16EA3A489}.Debug|Any CPU.ActiveCfg = Debug|Any CPU
		{5788EB89-46BF-416A-8B1C-52C16EA3A489}.Debug|Any CPU.Build.0 = Debug|Any CPU
		{5788EB89-46BF-416A-8B1C-52C16EA3A489}.Release|Any CPU.ActiveCfg = Release|Any CPU
		{5788EB89-46BF-416A-8B1C-52C16EA3A489}.Release|Any CPU.Build.0 = Release|Any CPU
	EndGlobalSection
	GlobalSection(SolutionProperties) = preSolution
		HideSolutionNode = FALSE
	EndGlobalSection
	GlobalSection(ExtensibilityGlobals) = postSolution
		SolutionGuid = {6852FDD0-85FE-411A-9047-A7A2560D9F26}
	EndGlobalSection
EndGlobal
